
Microsoft Visual Studio Solution File, Format Version 12.00
# Visual Studio Version 16
VisualStudioVersion = 16.0.31229.75
MinimumVisualStudioVersion = 10.0.40219.1
Project("{FAE04EC0-301F-11D3-BF4B-00C04F79EFBC}") = "ExamenForm", "ExamenForm\ExamenForm.csproj", "{E21B316E-D6D3-4A70-AA8C-8A26FD73069E}"
EndProject
Global
	GlobalSection(SolutionConfigurationPlatforms) = preSolution
		Debug|Any CPU = Debug|Any CPU
		Release|Any CPU = Release|Any CPU
	EndGlobalSection
	GlobalSection(ProjectConfigurationPlatforms) = postSolution
		{E21B316E-D6D3-4A70-AA8C-8A26FD73069E}.Debug|Any CPU.ActiveCfg = Debug|Any CPU
		{E21B316E-D6D3-4A70-AA8C-8A26FD73069E}.Debug|Any CPU.Build.0 = Debug|Any CPU
		{E21B316E-D6D3-4A70-AA8C-8A26FD73069E}.Release|Any CPU.ActiveCfg = Release|Any CPU
		{E21B316E-D6D3-4A70-AA8C-8A26FD73069E}.Release|Any CPU.Build.0 = Release|Any CPU
	EndGlobalSection
	GlobalSection(SolutionProperties) = preSolution
		HideSolutionNode = FALSE
	EndGlobalSection
	GlobalSection(ExtensibilityGlobals) = postSolution
		SolutionGuid = {A0E79B0D-5622-4946-8B98-509B47A80FE5}
	EndGlobalSection
EndGlobal
